// !$*UTF8*$!
{
	archiveVersion = 1;
	classes = {
	};
	objectVersion = 56;
	objects = {

/* Begin PBXBuildFile section */
		C6C173D32B17C5CE002135D4 /* final_projectApp.swift in Sources */ = {isa = PBXBuildFile; fileRef = C6C173D22B17C5CE002135D4 /* final_projectApp.swift */; };
		C6C173D52B17C5CE002135D4 /* ContentView.swift in Sources */ = {isa = PBXBuildFile; fileRef = C6C173D42B17C5CE002135D4 /* ContentView.swift */; };
		C6C173D72B17C5D0002135D4 /* Assets.xcassets in Resources */ = {isa = PBXBuildFile; fileRef = C6C173D62B17C5D0002135D4 /* Assets.xcassets */; };
		C6C173DA2B17C5D0002135D4 /* Preview Assets.xcassets in Resources */ = {isa = PBXBuildFile; fileRef = C6C173D92B17C5D0002135D4 /* Preview Assets.xcassets */; };
		C6E454B62B1867A4006FDC2F /* WeatherSummaryView.swift in Sources */ = {isa = PBXBuildFile; fileRef = C6E454B52B1867A4006FDC2F /* WeatherSummaryView.swift */; };
		C6E454B82B186D08006FDC2F /* HourlyForecastView.swift in Sources */ = {isa = PBXBuildFile; fileRef = C6E454B72B186D08006FDC2F /* HourlyForecastView.swift */; };
		C6E454BA2B1872B6006FDC2F /* DailyForecastView.swift in Sources */ = {isa = PBXBuildFile; fileRef = C6E454B92B1872B6006FDC2F /* DailyForecastView.swift */; };
		C6E454BC2B187B10006FDC2F /* RangedProgressView.swift in Sources */ = {isa = PBXBuildFile; fileRef = C6E454BB2B187B10006FDC2F /* RangedProgressView.swift */; };
		C6E454BE2B18A2F2006FDC2F /* UVIndexView.swift in Sources */ = {isa = PBXBuildFile; fileRef = C6E454BD2B18A2F2006FDC2F /* UVIndexView.swift */; };
		C6E454C02B18A56F006FDC2F /* SunTrackerView.swift in Sources */ = {isa = PBXBuildFile; fileRef = C6E454BF2B18A56F006FDC2F /* SunTrackerView.swift */; };
		C6E454C22B18AE4E006FDC2F /* AirQualityView.swift in Sources */ = {isa = PBXBuildFile; fileRef = C6E454C12B18AE4E006FDC2F /* AirQualityView.swift */; };
		C6E454C62B18F693006FDC2F /* TemperatureView.swift in Sources */ = {isa = PBXBuildFile; fileRef = C6E454C52B18F693006FDC2F /* TemperatureView.swift */; };
		C6E454C82B1928C3006FDC2F /* ReportIssueView.swift in Sources */ = {isa = PBXBuildFile; fileRef = C6E454C72B1928C3006FDC2F /* ReportIssueView.swift */; };
		C6E454CC2B1945C7006FDC2F /* IssuePageView.swift in Sources */ = {isa = PBXBuildFile; fileRef = C6E454CB2B1945C7006FDC2F /* IssuePageView.swift */; };
/* End PBXBuildFile section */

/* Begin PBXFileReference section */
		C6C173CF2B17C5CE002135D4 /* final-project.app */ = {isa = PBXFileReference; explicitFileType = wrapper.application; includeInIndex = 0; path = "final-project.app"; sourceTree = BUILT_PRODUCTS_DIR; };
		C6C173D22B17C5CE002135D4 /* final_projectApp.swift */ = {isa = PBXFileReference; lastKnownFileType = sourcecode.swift; path = final_projectApp.swift; sourceTree = "<group>"; };
		C6C173D42B17C5CE002135D4 /* ContentView.swift */ = {isa = PBXFileReference; lastKnownFileType = sourcecode.swift; path = ContentView.swift; sourceTree = "<group>"; };
		C6C173D62B17C5D0002135D4 /* Assets.xcassets */ = {isa = PBXFileReference; lastKnownFileType = folder.assetcatalog; path = Assets.xcassets; sourceTree = "<group>"; };
		C6C173D92B17C5D0002135D4 /* Preview Assets.xcassets */ = {isa = PBXFileReference; lastKnownFileType = folder.assetcatalog; path = "Preview Assets.xcassets"; sourceTree = "<group>"; };
		C6E454B52B1867A4006FDC2F /* WeatherSummaryView.swift */ = {isa = PBXFileReference; lastKnownFileType = sourcecode.swift; path = WeatherSummaryView.swift; sourceTree = "<group>"; };
		C6E454B72B186D08006FDC2F /* HourlyForecastView.swift */ = {isa = PBXFileReference; lastKnownFileType = sourcecode.swift; path = HourlyForecastView.swift; sourceTree = "<group>"; };
		C6E454B92B1872B6006FDC2F /* DailyForecastView.swift */ = {isa = PBXFileReference; lastKnownFileType = sourcecode.swift; path = DailyForecastView.swift; sourceTree = "<group>"; };
		C6E454BB2B187B10006FDC2F /* RangedProgressView.swift */ = {isa = PBXFileReference; lastKnownFileType = sourcecode.swift; path = RangedProgressView.swift; sourceTree = "<group>"; };
		C6E454BD2B18A2F2006FDC2F /* UVIndexView.swift */ = {isa = PBXFileReference; lastKnownFileType = sourcecode.swift; path = UVIndexView.swift; sourceTree = "<group>"; };
		C6E454BF2B18A56F006FDC2F /* SunTrackerView.swift */ = {isa = PBXFileReference; lastKnownFileType = sourcecode.swift; path = SunTrackerView.swift; sourceTree = "<group>"; };
		C6E454C12B18AE4E006FDC2F /* AirQualityView.swift */ = {isa = PBXFileReference; lastKnownFileType = sourcecode.swift; path = AirQualityView.swift; sourceTree = "<group>"; };
		C6E454C52B18F693006FDC2F /* TemperatureView.swift */ = {isa = PBXFileReference; lastKnownFileType = sourcecode.swift; path = TemperatureView.swift; sourceTree = "<group>"; };
		C6E454C72B1928C3006FDC2F /* ReportIssueView.swift */ = {isa = PBXFileReference; lastKnownFileType = sourcecode.swift; path = ReportIssueView.swift; sourceTree = "<group>"; };
		C6E454CB2B1945C7006FDC2F /* IssuePageView.swift */ = {isa = PBXFileReference; lastKnownFileType = sourcecode.swift; path = IssuePageView.swift; sourceTree = "<group>"; };
/* End PBXFileReference section */

/* Begin PBXFrameworksBuildPhase section */
		C6C173CC2B17C5CE002135D4 /* Frameworks */ = {
			isa = PBXFrameworksBuildPhase;
			buildActionMask = 2147483647;
			files = (
			);
			runOnlyForDeploymentPostprocessing = 0;
		};
/* End PBXFrameworksBuildPhase section */

/* Begin PBXGroup section */
		C6C173C62B17C5CE002135D4 = {
			isa = PBXGroup;
			children = (
				C6C173D12B17C5CE002135D4 /* final-project */,
				C6C173D02B17C5CE002135D4 /* Products */,
			);
			sourceTree = "<group>";
		};
		C6C173D02B17C5CE002135D4 /* Products */ = {
			isa = PBXGroup;
			children = (
				C6C173CF2B17C5CE002135D4 /* final-project.app */,
			);
			name = Products;
			sourceTree = "<group>";
		};
		C6C173D12B17C5CE002135D4 /* final-project */ = {
			isa = PBXGroup;
			children = (
				C6C173D22B17C5CE002135D4 /* final_projectApp.swift */,
				C6C173D42B17C5CE002135D4 /* ContentView.swift */,
				C6C173D62B17C5D0002135D4 /* Assets.xcassets */,
				C6C173D82B17C5D0002135D4 /* Preview Content */,
				C6E454B52B1867A4006FDC2F /* WeatherSummaryView.swift */,
				C6E454B72B186D08006FDC2F /* HourlyForecastView.swift */,
				C6E454B92B1872B6006FDC2F /* DailyForecastView.swift */,
				C6E454BB2B187B10006FDC2F /* RangedProgressView.swift */,
				C6E454BD2B18A2F2006FDC2F /* UVIndexView.swift */,
				C6E454BF2B18A56F006FDC2F /* SunTrackerView.swift */,
				C6E454C12B18AE4E006FDC2F /* AirQualityView.swift */,
				C6E454C52B18F693006FDC2F /* TemperatureView.swift */,
				C6E454C72B1928C3006FDC2F /* ReportIssueView.swift */,
				C6E454CB2B1945C7006FDC2F /* IssuePageView.swift */,
			);
			path = "final-project";
			sourceTree = "<group>";
		};
		C6C173D82B17C5D0002135D4 /* Preview Content */ = {
			isa = PBXGroup;
			children = (
				C6C173D92B17C5D0002135D4 /* Preview Assets.xcassets */,
			);
			path = "Preview Content";
			sourceTree = "<group>";
		};
/* End PBXGroup section */

/* Begin PBXNativeTarget section */
		C6C173CE2B17C5CE002135D4 /* final-project */ = {
			isa = PBXNativeTarget;
			buildConfigurationList = C6C173DD2B17C5D0002135D4 /* Build configuration list for PBXNativeTarget "final-project" */;
			buildPhases = (
				C6C173CB2B17C5CE002135D4 /* Sources */,
				C6C173CC2B17C5CE002135D4 /* Frameworks */,
				C6C173CD2B17C5CE002135D4 /* Resources */,
			);
			buildRules = (
			);
			dependencies = (
			);
			name = "final-project";
			productName = "final-project";
			productReference = C6C173CF2B17C5CE002135D4 /* final-project.app */;
			productType = "com.apple.product-type.application";
		};
/* End PBXNativeTarget section */

/* Begin PBXProject section */
		C6C173C72B17C5CE002135D4 /* Project object */ = {
			isa = PBXProject;
			attributes = {
				BuildIndependentTargetsInParallel = 1;
				LastSwiftUpdateCheck = 1500;
				LastUpgradeCheck = 1500;
				TargetAttributes = {
					C6C173CE2B17C5CE002135D4 = {
						CreatedOnToolsVersion = 15.0;
					};
				};
			};
			buildConfigurationList = C6C173CA2B17C5CE002135D4 /* Build configuration list for PBXProject "final-project" */;
			compatibilityVersion = "Xcode 14.0";
			developmentRegion = en;
			hasScannedForEncodings = 0;
			knownRegions = (
				en,
				Base,
			);
			mainGroup = C6C173C62B17C5CE002135D4;
			productRefGroup = C6C173D02B17C5CE002135D4 /* Products */;
			projectDirPath = "";
			projectRoot = "";
			targets = (
				C6C173CE2B17C5CE002135D4 /* final-project */,
			);
		};
/* End PBXProject section */

/* Begin PBXResourcesBuildPhase section */
		C6C173CD2B17C5CE002135D4 /* Resources */ = {
			isa = PBXResourcesBuildPhase;
			buildActionMask = 2147483647;
			files = (
				C6C173DA2B17C5D0002135D4 /* Preview Assets.xcassets in Resources */,
				C6C173D72B17C5D0002135D4 /* Assets.xcassets in Resources */,
			);
			runOnlyForDeploymentPostprocessing = 0;
		};
/* End PBXResourcesBuildPhase section */

/* Begin PBXSourcesBuildPhase section */
		C6C173CB2B17C5CE002135D4 /* Sources */ = {
			isa = PBXSourcesBuildPhase;
			buildActionMask = 2147483647;
			files = (
				C6E454B82B186D08006FDC2F /* HourlyForecastView.swift in Sources */,
				C6E454BA2B1872B6006FDC2F /* DailyForecastView.swift in Sources */,
				C6E454BC2B187B10006FDC2F /* RangedProgressView.swift in Sources */,
				C6E454C22B18AE4E006FDC2F /* AirQualityView.swift in Sources */,
				C6C173D52B17C5CE002135D4 /* ContentView.swift in Sources */,
				C6E454C62B18F693006FDC2F /* TemperatureView.swift in Sources */,
				C6E454C02B18A56F006FDC2F /* SunTrackerView.swift in Sources */,
				C6E454C82B1928C3006FDC2F /* ReportIssueView.swift in Sources */,
				C6E454B62B1867A4006FDC2F /* WeatherSummaryView.swift in Sources */,
				C6E454BE2B18A2F2006FDC2F /* UVIndexView.swift in Sources */,
				C6C173D32B17C5CE002135D4 /* final_projectApp.swift in Sources */,
				C6E454CC2B1945C7006FDC2F /* IssuePageView.swift in Sources */,
			);
			runOnlyForDeploymentPostprocessing = 0;
		};
/* End PBXSourcesBuildPhase section */

/* Begin XCBuildConfiguration section */
		C6C173DB2B17C5D0002135D4 /* Debug */ = {
			isa = XCBuildConfiguration;
			buildSettings = {
				ALWAYS_SEARCH_USER_PATHS = NO;
				ASSETCATALOG_COMPILER_GENERATE_SWIFT_ASSET_SYMBOL_EXTENSIONS = YES;
				CLANG_ANALYZER_NONNULL = YES;
				CLANG_ANALYZER_NUMBER_OBJECT_CONVERSION = YES_AGGRESSIVE;
				CLANG_CXX_LANGUAGE_STANDARD = "gnu++20";
				CLANG_ENABLE_MODULES = YES;
				CLANG_ENABLE_OBJC_ARC = YES;
				CLANG_ENABLE_OBJC_WEAK = YES;
				CLANG_WARN_BLOCK_CAPTURE_AUTORELEASING = YES;
				CLANG_WARN_BOOL_CONVERSION = YES;
				CLANG_WARN_COMMA = YES;
				CLANG_WARN_CONSTANT_CONVERSION = YES;
				CLANG_WARN_DEPRECATED_OBJC_IMPLEMENTATIONS = YES;
				CLANG_WARN_DIRECT_OBJC_ISA_USAGE = YES_ERROR;
				CLANG_WARN_DOCUMENTATION_COMMENTS = YES;
				CLANG_WARN_EMPTY_BODY = YES;
				CLANG_WARN_ENUM_CONVERSION = YES;
				CLANG_WARN_INFINITE_RECURSION = YES;
				CLANG_WARN_INT_CONVERSION = YES;
				CLANG_WARN_NON_LITERAL_NULL_CONVERSION = YES;
				CLANG_WARN_OBJC_IMPLICIT_RETAIN_SELF = YES;
				CLANG_WARN_OBJC_LITERAL_CONVERSION = YES;
				CLANG_WARN_OBJC_ROOT_CLASS = YES_ERROR;
				CLANG_WARN_QUOTED_INCLUDE_IN_FRAMEWORK_HEADER = YES;
				CLANG_WARN_RANGE_LOOP_ANALYSIS = YES;
				CLANG_WARN_STRICT_PROTOTYPES = YES;
				CLANG_WARN_SUSPICIOUS_MOVE = YES;
				CLANG_WARN_UNGUARDED_AVAILABILITY = YES_AGGRESSIVE;
				CLANG_WARN_UNREACHABLE_CODE = YES;
				CLANG_WARN__DUPLICATE_METHOD_MATCH = YES;
				COPY_PHASE_STRIP = NO;
				DEBUG_INFORMATION_FORMAT = dwarf;
				ENABLE_STRICT_OBJC_MSGSEND = YES;
				ENABLE_TESTABILITY = YES;
				ENABLE_USER_SCRIPT_SANDBOXING = YES;
				GCC_C_LANGUAGE_STANDARD = gnu17;
				GCC_DYNAMIC_NO_PIC = NO;
				GCC_NO_COMMON_BLOCKS = YES;
				GCC_OPTIMIZATION_LEVEL = 0;
				GCC_PREPROCESSOR_DEFINITIONS = (
					"DEBUG=1",
					"$(inherited)",
				);
				GCC_WARN_64_TO_32_BIT_CONVERSION = YES;
				GCC_WARN_ABOUT_RETURN_TYPE = YES_ERROR;
				GCC_WARN_UNDECLARED_SELECTOR = YES;
				GCC_WARN_UNINITIALIZED_AUTOS = YES_AGGRESSIVE;
				GCC_WARN_UNUSED_FUNCTION = YES;
				GCC_WARN_UNUSED_VARIABLE = YES;
				IPHONEOS_DEPLOYMENT_TARGET = 17.0;
				LOCALIZATION_PREFERS_STRING_CATALOGS = YES;
				MTL_ENABLE_DEBUG_INFO = INCLUDE_SOURCE;
				MTL_FAST_MATH = YES;
				ONLY_ACTIVE_ARCH = YES;
				SDKROOT = iphoneos;
				SWIFT_ACTIVE_COMPILATION_CONDITIONS = "DEBUG $(inherited)";
				SWIFT_OPTIMIZATION_LEVEL = "-Onone";
			};
			name = Debug;
		};
		C6C173DC2B17C5D0002135D4 /* Release */ = {
			isa = XCBuildConfiguration;
			buildSettings = {
				ALWAYS_SEARCH_USER_PATHS = NO;
				ASSETCATALOG_COMPILER_GENERATE_SWIFT_ASSET_SYMBOL_EXTENSIONS = YES;
				CLANG_ANALYZER_NONNULL = YES;
				CLANG_ANALYZER_NUMBER_OBJECT_CONVERSION = YES_AGGRESSIVE;
				CLANG_CXX_LANGUAGE_STANDARD = "gnu++20";
				CLANG_ENABLE_MODULES = YES;
				CLANG_ENABLE_OBJC_ARC = YES;
				CLANG_ENABLE_OBJC_WEAK = YES;
				CLANG_WARN_BLOCK_CAPTURE_AUTORELEASING = YES;
				CLANG_WARN_BOOL_CONVERSION = YES;
				CLANG_WARN_COMMA = YES;
				CLANG_WARN_CONSTANT_CONVERSION = YES;
				CLANG_WARN_DEPRECATED_OBJC_IMPLEMENTATIONS = YES;
				CLANG_WARN_DIRECT_OBJC_ISA_USAGE = YES_ERROR;
				CLANG_WARN_DOCUMENTATION_COMMENTS = YES;
				CLANG_WARN_EMPTY_BODY = YES;
				CLANG_WARN_ENUM_CONVERSION = YES;
				CLANG_WARN_INFINITE_RECURSION = YES;
				CLANG_WARN_INT_CONVERSION = YES;
				CLANG_WARN_NON_LITERAL_NULL_CONVERSION = YES;
				CLANG_WARN_OBJC_IMPLICIT_RETAIN_SELF = YES;
				CLANG_WARN_OBJC_LITERAL_CONVERSION = YES;
				CLANG_WARN_OBJC_ROOT_CLASS = YES_ERROR;
				CLANG_WARN_QUOTED_INCLUDE_IN_FRAMEWORK_HEADER = YES;
				CLANG_WARN_RANGE_LOOP_ANALYSIS = YES;
				CLANG_WARN_STRICT_PROTOTYPES = YES;
				CLANG_WARN_SUSPICIOUS_MOVE = YES;
				CLANG_WARN_UNGUARDED_AVAILABILITY = YES_AGGRESSIVE;
				CLANG_WARN_UNREACHABLE_CODE = YES;
				CLANG_WARN__DUPLICATE_METHOD_MATCH = YES;
				COPY_PHASE_STRIP = NO;
				DEBUG_INFORMATION_FORMAT = "dwarf-with-dsym";
				ENABLE_NS_ASSERTIONS = NO;
				ENABLE_STRICT_OBJC_MSGSEND = YES;
				ENABLE_USER_SCRIPT_SANDBOXING = YES;
				GCC_C_LANGUAGE_STANDARD = gnu17;
				GCC_NO_COMMON_BLOCKS = YES;
				GCC_WARN_64_TO_32_BIT_CONVERSION = YES;
				GCC_WARN_ABOUT_RETURN_TYPE = YES_ERROR;
				GCC_WARN_UNDECLARED_SELECTOR = YES;
				GCC_WARN_UNINITIALIZED_AUTOS = YES_AGGRESSIVE;
				GCC_WARN_UNUSED_FUNCTION = YES;
				GCC_WARN_UNUSED_VARIABLE = YES;
				IPHONEOS_DEPLOYMENT_TARGET = 17.0;
				LOCALIZATION_PREFERS_STRING_CATALOGS = YES;
				MTL_ENABLE_DEBUG_INFO = NO;
				MTL_FAST_MATH = YES;
				SDKROOT = iphoneos;
				SWIFT_COMPILATION_MODE = wholemodule;
				VALIDATE_PRODUCT = YES;
			};
			name = Release;
		};
		C6C173DE2B17C5D0002135D4 /* Debug */ = {
			isa = XCBuildConfiguration;
			buildSettings = {
				ASSETCATALOG_COMPILER_APPICON_NAME = AppIcon;
				ASSETCATALOG_COMPILER_GLOBAL_ACCENT_COLOR_NAME = AccentColor;
				CODE_SIGN_STYLE = Automatic;
				CURRENT_PROJECT_VERSION = 1;
				DEVELOPMENT_ASSET_PATHS = "\"final-project/Preview Content\"";
				DEVELOPMENT_TEAM = JBR4AR8CTY;
				ENABLE_PREVIEWS = YES;
				GENERATE_INFOPLIST_FILE = YES;
				INFOPLIST_KEY_UIApplicationSceneManifest_Generation = YES;
				INFOPLIST_KEY_UIApplicationSupportsIndirectInputEvents = YES;
				INFOPLIST_KEY_UILaunchScreen_Generation = YES;
				INFOPLIST_KEY_UISupportedInterfaceOrientations_iPad = "UIInterfaceOrientationPortrait UIInterfaceOrientationPortraitUpsideDown UIInterfaceOrientationLandscapeLeft UIInterfaceOrientationLandscapeRight";
				INFOPLIST_KEY_UISupportedInterfaceOrientations_iPhone = "UIInterfaceOrientationPortrait UIInterfaceOrientationLandscapeLeft UIInterfaceOrientationLandscapeRight";
				LD_RUNPATH_SEARCH_PATHS = (
					"$(inherited)",
					"@executable_path/Frameworks",
				);
				MARKETING_VERSION = 1.0;
				PRODUCT_BUNDLE_IDENTIFIER = "ellagonzales.final-project";
				PRODUCT_NAME = "$(TARGET_NAME)";
				SWIFT_EMIT_LOC_STRINGS = YES;
				SWIFT_VERSION = 5.0;
				TARGETED_DEVICE_FAMILY = "1,2";
			};
			name = Debug;
		};
		C6C173DF2B17C5D0002135D4 /* Release */ = {
			isa = XCBuildConfiguration;
			buildSettings = {
				ASSETCATALOG_COMPILER_APPICON_NAME = AppIcon;
				ASSETCATALOG_COMPILER_GLOBAL_ACCENT_COLOR_NAME = AccentColor;
				CODE_SIGN_STYLE = Automatic;
				CURRENT_PROJECT_VERSION = 1;
				DEVELOPMENT_ASSET_PATHS = "\"final-project/Preview Content\"";
				DEVELOPMENT_TEAM = JBR4AR8CTY;
				ENABLE_PREVIEWS = YES;
				GENERATE_INFOPLIST_FILE = YES;
				INFOPLIST_KEY_UIApplicationSceneManifest_Generation = YES;
				INFOPLIST_KEY_UIApplicationSupportsIndirectInputEvents = YES;
				INFOPLIST_KEY_UILaunchScreen_Generation = YES;
				INFOPLIST_KEY_UISupportedInterfaceOrientations_iPad = "UIInterfaceOrientationPortrait UIInterfaceOrientationPortraitUpsideDown UIInterfaceOrientationLandscapeLeft UIInterfaceOrientationLandscapeRight";
				INFOPLIST_KEY_UISupportedInterfaceOrientations_iPhone = "UIInterfaceOrientationPortrait UIInterfaceOrientationLandscapeLeft UIInterfaceOrientationLandscapeRight";
				LD_RUNPATH_SEARCH_PATHS = (
					"$(inherited)",
					"@executable_path/Frameworks",
				);
				MARKETING_VERSION = 1.0;
				PRODUCT_BUNDLE_IDENTIFIER = "ellagonzales.final-project";
				PRODUCT_NAME = "$(TARGET_NAME)";
				SWIFT_EMIT_LOC_STRINGS = YES;
				SWIFT_VERSION = 5.0;
				TARGETED_DEVICE_FAMILY = "1,2";
			};
			name = Release;
		};
/* End XCBuildConfiguration section */

/* Begin XCConfigurationList section */
		C6C173CA2B17C5CE002135D4 /* Build configuration list for PBXProject "final-project" */ = {
			isa = XCConfigurationList;
			buildConfigurations = (
				C6C173DB2B17C5D0002135D4 /* Debug */,
				C6C173DC2B17C5D0002135D4 /* Release */,
			);
			defaultConfigurationIsVisible = 0;
			defaultConfigurationName = Release;
		};
		C6C173DD2B17C5D0002135D4 /* Build configuration list for PBXNativeTarget "final-project" */ = {
			isa = XCConfigurationList;
			buildConfigurations = (
				C6C173DE2B17C5D0002135D4 /* Debug */,
				C6C173DF2B17C5D0002135D4 /* Release */,
			);
			defaultConfigurationIsVisible = 0;
			defaultConfigurationName = Release;
		};
/* End XCConfigurationList section */
	};
	rootObject = C6C173C72B17C5CE002135D4 /* Project object */;
}
